// !$*UTF8*$!
{
	archiveVersion = 1;
	classes = {
	};
	objectVersion = 56;
	objects = {

/* Begin PBXBuildFile section */
		C46197372C0FE4E9007D3B6B /* AppDelegate.swift in Sources */ = {isa = PBXBuildFile; fileRef = C46197362C0FE4E9007D3B6B /* AppDelegate.swift */; };
		C46197392C0FE4E9007D3B6B /* SceneDelegate.swift in Sources */ = {isa = PBXBuildFile; fileRef = C46197382C0FE4E9007D3B6B /* SceneDelegate.swift */; };
		C461973B2C0FE4E9007D3B6B /* ViewController.swift in Sources */ = {isa = PBXBuildFile; fileRef = C461973A2C0FE4E9007D3B6B /* ViewController.swift */; };
		C46197402C0FE4EB007D3B6B /* Assets.xcassets in Resources */ = {isa = PBXBuildFile; fileRef = C461973F2C0FE4EB007D3B6B /* Assets.xcassets */; };
		C46197432C0FE4EB007D3B6B /* Base in Resources */ = {isa = PBXBuildFile; fileRef = C46197422C0FE4EB007D3B6B /* Base */; };
		C461974C2C0FE514007D3B6B /* SnapKit in Frameworks */ = {isa = PBXBuildFile; productRef = C461974B2C0FE514007D3B6B /* SnapKit */; };
		C461974F2C0FE525007D3B6B /* Alamofire in Frameworks */ = {isa = PBXBuildFile; productRef = C461974E2C0FE525007D3B6B /* Alamofire */; };
		C46197522C0FE533007D3B6B /* Kingfisher in Frameworks */ = {isa = PBXBuildFile; productRef = C46197512C0FE533007D3B6B /* Kingfisher */; };
		C46197552C0FE54D007D3B6B /* Toast in Frameworks */ = {isa = PBXBuildFile; productRef = C46197542C0FE54D007D3B6B /* Toast */; };
		C46197572C0FFDAE007D3B6B /* MarketViewController.swift in Sources */ = {isa = PBXBuildFile; fileRef = C46197562C0FFDAE007D3B6B /* MarketViewController.swift */; };
		C46197592C10041F007D3B6B /* MarketTableViewCell.swift in Sources */ = {isa = PBXBuildFile; fileRef = C46197582C10041F007D3B6B /* MarketTableViewCell.swift */; };
		C461975D2C101311007D3B6B /* .gitignore in Resources */ = {isa = PBXBuildFile; fileRef = C461975C2C101311007D3B6B /* .gitignore */; };
		C461975F2C10143B007D3B6B /* APIKey.swift in Sources */ = {isa = PBXBuildFile; fileRef = C461975E2C10143B007D3B6B /* APIKey.swift */; };
		C46197B72C168B27007D3B6B /* BookViewController.swift in Sources */ = {isa = PBXBuildFile; fileRef = C46197B62C168B27007D3B6B /* BookViewController.swift */; };
		C46197B92C1695B9007D3B6B /* Book.swift in Sources */ = {isa = PBXBuildFile; fileRef = C46197B82C1695B9007D3B6B /* Book.swift */; };
		C46197CF2C17E635007D3B6B /* BookTableViewCell.swift in Sources */ = {isa = PBXBuildFile; fileRef = C46197CE2C17E635007D3B6B /* BookTableViewCell.swift */; };
		C46197D12C17F388007D3B6B /* KakaoBook.swift in Sources */ = {isa = PBXBuildFile; fileRef = C46197D02C17F388007D3B6B /* KakaoBook.swift */; };
		C46197D52C182DC0007D3B6B /* BookCollectionViewController.swift in Sources */ = {isa = PBXBuildFile; fileRef = C46197D42C182DC0007D3B6B /* BookCollectionViewController.swift */; };
		C46197D72C182E82007D3B6B /* BookCollectionViewCell.swift in Sources */ = {isa = PBXBuildFile; fileRef = C46197D62C182E82007D3B6B /* BookCollectionViewCell.swift */; };
		C47C46B82C32EB6100665A7A /* NasaViewController.swift in Sources */ = {isa = PBXBuildFile; fileRef = C47C46B72C32EB6100665A7A /* NasaViewController.swift */; };
		C4A52B022C291DEE0013BCDF /* NetworkManager.swift in Sources */ = {isa = PBXBuildFile; fileRef = C4A52B012C291DEE0013BCDF /* NetworkManager.swift */; };
		C4B0B9F32C19347500CC5765 /* SignViewController.swift in Sources */ = {isa = PBXBuildFile; fileRef = C4B0B9F22C19347500CC5765 /* SignViewController.swift */; };
		C4B0B9F62C19370000CC5765 /* BlackRadiusTextField.swift in Sources */ = {isa = PBXBuildFile; fileRef = C4B0B9F52C19370000CC5765 /* BlackRadiusTextField.swift */; };
		C4B0B9F92C19487700CC5765 /* Constant.swift in Sources */ = {isa = PBXBuildFile; fileRef = C4B0B9F82C19487700CC5765 /* Constant.swift */; };
/* End PBXBuildFile section */

/* Begin PBXFileReference section */
		C46197332C0FE4E9007D3B6B /* network-upgrade.app */ = {isa = PBXFileReference; explicitFileType = wrapper.application; includeInIndex = 0; path = "network-upgrade.app"; sourceTree = BUILT_PRODUCTS_DIR; };
		C46197362C0FE4E9007D3B6B /* AppDelegate.swift */ = {isa = PBXFileReference; lastKnownFileType = sourcecode.swift; path = AppDelegate.swift; sourceTree = "<group>"; };
		C46197382C0FE4E9007D3B6B /* SceneDelegate.swift */ = {isa = PBXFileReference; lastKnownFileType = sourcecode.swift; path = SceneDelegate.swift; sourceTree = "<group>"; };
		C461973A2C0FE4E9007D3B6B /* ViewController.swift */ = {isa = PBXFileReference; lastKnownFileType = sourcecode.swift; path = ViewController.swift; sourceTree = "<group>"; };
		C461973F2C0FE4EB007D3B6B /* Assets.xcassets */ = {isa = PBXFileReference; lastKnownFileType = folder.assetcatalog; path = Assets.xcassets; sourceTree = "<group>"; };
		C46197422C0FE4EB007D3B6B /* Base */ = {isa = PBXFileReference; lastKnownFileType = file.storyboard; name = Base; path = Base.lproj/LaunchScreen.storyboard; sourceTree = "<group>"; };
		C46197442C0FE4EB007D3B6B /* Info.plist */ = {isa = PBXFileReference; lastKnownFileType = text.plist.xml; path = Info.plist; sourceTree = "<group>"; };
		C46197562C0FFDAE007D3B6B /* MarketViewController.swift */ = {isa = PBXFileReference; lastKnownFileType = sourcecode.swift; path = MarketViewController.swift; sourceTree = "<group>"; };
		C46197582C10041F007D3B6B /* MarketTableViewCell.swift */ = {isa = PBXFileReference; lastKnownFileType = sourcecode.swift; path = MarketTableViewCell.swift; sourceTree = "<group>"; };
		C461975C2C101311007D3B6B /* .gitignore */ = {isa = PBXFileReference; lastKnownFileType = text; path = .gitignore; sourceTree = "<group>"; };
		C461975E2C10143B007D3B6B /* APIKey.swift */ = {isa = PBXFileReference; lastKnownFileType = sourcecode.swift; path = APIKey.swift; sourceTree = "<group>"; };
		C46197B62C168B27007D3B6B /* BookViewController.swift */ = {isa = PBXFileReference; lastKnownFileType = sourcecode.swift; path = BookViewController.swift; sourceTree = "<group>"; };
		C46197B82C1695B9007D3B6B /* Book.swift */ = {isa = PBXFileReference; lastKnownFileType = sourcecode.swift; path = Book.swift; sourceTree = "<group>"; };
		C46197CE2C17E635007D3B6B /* BookTableViewCell.swift */ = {isa = PBXFileReference; lastKnownFileType = sourcecode.swift; path = BookTableViewCell.swift; sourceTree = "<group>"; };
		C46197D02C17F388007D3B6B /* KakaoBook.swift */ = {isa = PBXFileReference; lastKnownFileType = sourcecode.swift; path = KakaoBook.swift; sourceTree = "<group>"; };
		C46197D42C182DC0007D3B6B /* BookCollectionViewController.swift */ = {isa = PBXFileReference; lastKnownFileType = sourcecode.swift; path = BookCollectionViewController.swift; sourceTree = "<group>"; };
		C46197D62C182E82007D3B6B /* BookCollectionViewCell.swift */ = {isa = PBXFileReference; lastKnownFileType = sourcecode.swift; path = BookCollectionViewCell.swift; sourceTree = "<group>"; };
		C47C46B72C32EB6100665A7A /* NasaViewController.swift */ = {isa = PBXFileReference; lastKnownFileType = sourcecode.swift; path = NasaViewController.swift; sourceTree = "<group>"; };
		C4A52B012C291DEE0013BCDF /* NetworkManager.swift */ = {isa = PBXFileReference; lastKnownFileType = sourcecode.swift; path = NetworkManager.swift; sourceTree = "<group>"; };
		C4B0B9F22C19347500CC5765 /* SignViewController.swift */ = {isa = PBXFileReference; lastKnownFileType = sourcecode.swift; path = SignViewController.swift; sourceTree = "<group>"; };
		C4B0B9F52C19370000CC5765 /* BlackRadiusTextField.swift */ = {isa = PBXFileReference; lastKnownFileType = sourcecode.swift; path = BlackRadiusTextField.swift; sourceTree = "<group>"; };
		C4B0B9F82C19487700CC5765 /* Constant.swift */ = {isa = PBXFileReference; lastKnownFileType = sourcecode.swift; path = Constant.swift; sourceTree = "<group>"; };
/* End PBXFileReference section */

/* Begin PBXFrameworksBuildPhase section */
		C46197302C0FE4E9007D3B6B /* Frameworks */ = {
			isa = PBXFrameworksBuildPhase;
			buildActionMask = 2147483647;
			files = (
				C46197552C0FE54D007D3B6B /* Toast in Frameworks */,
				C46197522C0FE533007D3B6B /* Kingfisher in Frameworks */,
				C461974C2C0FE514007D3B6B /* SnapKit in Frameworks */,
				C461974F2C0FE525007D3B6B /* Alamofire in Frameworks */,
			);
			runOnlyForDeploymentPostprocessing = 0;
		};
/* End PBXFrameworksBuildPhase section */

/* Begin PBXGroup section */
		C461972A2C0FE4E9007D3B6B = {
			isa = PBXGroup;
			children = (
				C461975C2C101311007D3B6B /* .gitignore */,
				C46197352C0FE4E9007D3B6B /* network-upgrade */,
				C46197342C0FE4E9007D3B6B /* Products */,
			);
			sourceTree = "<group>";
		};
		C46197342C0FE4E9007D3B6B /* Products */ = {
			isa = PBXGroup;
			children = (
				C46197332C0FE4E9007D3B6B /* network-upgrade.app */,
			);
			name = Products;
			sourceTree = "<group>";
		};
		C46197352C0FE4E9007D3B6B /* network-upgrade */ = {
			isa = PBXGroup;
			children = (
				C4A52B002C291DE00013BCDF /* Network */,
				C4B0B9F72C19485300CC5765 /* Constant */,
				C4B0B9F42C1936BD00CC5765 /* CustomView */,
				C4B0B9F12C19343D00CC5765 /* Sign */,
				C46197B52C168B0F007D3B6B /* Book */,
				C461975A2C100424007D3B6B /* Cell */,
				C461975B2C10042C007D3B6B /* Controller */,
				C46197362C0FE4E9007D3B6B /* AppDelegate.swift */,
				C46197382C0FE4E9007D3B6B /* SceneDelegate.swift */,
				C461973F2C0FE4EB007D3B6B /* Assets.xcassets */,
				C46197412C0FE4EB007D3B6B /* LaunchScreen.storyboard */,
				C46197442C0FE4EB007D3B6B /* Info.plist */,
				C461975E2C10143B007D3B6B /* APIKey.swift */,
			);
			path = "network-upgrade";
			sourceTree = "<group>";
		};
		C461975A2C100424007D3B6B /* Cell */ = {
			isa = PBXGroup;
			children = (
				C46197582C10041F007D3B6B /* MarketTableViewCell.swift */,
				C46197CE2C17E635007D3B6B /* BookTableViewCell.swift */,
				C46197D62C182E82007D3B6B /* BookCollectionViewCell.swift */,
			);
			path = Cell;
			sourceTree = "<group>";
		};
		C461975B2C10042C007D3B6B /* Controller */ = {
			isa = PBXGroup;
			children = (
				C461973A2C0FE4E9007D3B6B /* ViewController.swift */,
				C46197562C0FFDAE007D3B6B /* MarketViewController.swift */,
				C47C46B72C32EB6100665A7A /* NasaViewController.swift */,
			);
			path = Controller;
			sourceTree = "<group>";
		};
		C46197B52C168B0F007D3B6B /* Book */ = {
			isa = PBXGroup;
			children = (
				C46197B62C168B27007D3B6B /* BookViewController.swift */,
				C46197B82C1695B9007D3B6B /* Book.swift */,
				C46197D02C17F388007D3B6B /* KakaoBook.swift */,
				C46197D42C182DC0007D3B6B /* BookCollectionViewController.swift */,
			);
			path = Book;
			sourceTree = "<group>";
		};
		C4A52B002C291DE00013BCDF /* Network */ = {
			isa = PBXGroup;
			children = (
				C4A52B012C291DEE0013BCDF /* NetworkManager.swift */,
			);
			path = Network;
			sourceTree = "<group>";
		};
		C4B0B9F12C19343D00CC5765 /* Sign */ = {
			isa = PBXGroup;
			children = (
				C4B0B9F22C19347500CC5765 /* SignViewController.swift */,
			);
			path = Sign;
			sourceTree = "<group>";
		};
		C4B0B9F42C1936BD00CC5765 /* CustomView */ = {
			isa = PBXGroup;
			children = (
				C4B0B9F52C19370000CC5765 /* BlackRadiusTextField.swift */,
			);
			path = CustomView;
			sourceTree = "<group>";
		};
		C4B0B9F72C19485300CC5765 /* Constant */ = {
			isa = PBXGroup;
			children = (
				C4B0B9F82C19487700CC5765 /* Constant.swift */,
			);
			path = Constant;
			sourceTree = "<group>";
		};
/* End PBXGroup section */

/* Begin PBXNativeTarget section */
		C46197322C0FE4E9007D3B6B /* network-upgrade */ = {
			isa = PBXNativeTarget;
			buildConfigurationList = C46197472C0FE4EB007D3B6B /* Build configuration list for PBXNativeTarget "network-upgrade" */;
			buildPhases = (
				C461972F2C0FE4E9007D3B6B /* Sources */,
				C46197302C0FE4E9007D3B6B /* Frameworks */,
				C46197312C0FE4E9007D3B6B /* Resources */,
			);
			buildRules = (
			);
			dependencies = (
			);
			name = "network-upgrade";
			packageProductDependencies = (
				C461974B2C0FE514007D3B6B /* SnapKit */,
				C461974E2C0FE525007D3B6B /* Alamofire */,
				C46197512C0FE533007D3B6B /* Kingfisher */,
				C46197542C0FE54D007D3B6B /* Toast */,
			);
			productName = "network-upgrade";
			productReference = C46197332C0FE4E9007D3B6B /* network-upgrade.app */;
			productType = "com.apple.product-type.application";
		};
/* End PBXNativeTarget section */

/* Begin PBXProject section */
		C461972B2C0FE4E9007D3B6B /* Project object */ = {
			isa = PBXProject;
			attributes = {
				BuildIndependentTargetsInParallel = 1;
				LastSwiftUpdateCheck = 1540;
				LastUpgradeCheck = 1540;
				TargetAttributes = {
					C46197322C0FE4E9007D3B6B = {
						CreatedOnToolsVersion = 15.4;
					};
				};
			};
			buildConfigurationList = C461972E2C0FE4E9007D3B6B /* Build configuration list for PBXProject "network-upgrade" */;
			compatibilityVersion = "Xcode 14.0";
			developmentRegion = en;
			hasScannedForEncodings = 0;
			knownRegions = (
				en,
				Base,
			);
			mainGroup = C461972A2C0FE4E9007D3B6B;
			packageReferences = (
				C461974A2C0FE514007D3B6B /* XCRemoteSwiftPackageReference "SnapKit" */,
				C461974D2C0FE525007D3B6B /* XCRemoteSwiftPackageReference "Alamofire" */,
				C46197502C0FE533007D3B6B /* XCRemoteSwiftPackageReference "Kingfisher" */,
				C46197532C0FE54D007D3B6B /* XCRemoteSwiftPackageReference "Toast-Swift" */,
			);
			productRefGroup = C46197342C0FE4E9007D3B6B /* Products */;
			projectDirPath = "";
			projectRoot = "";
			targets = (
				C46197322C0FE4E9007D3B6B /* network-upgrade */,
			);
		};
/* End PBXProject section */

/* Begin PBXResourcesBuildPhase section */
		C46197312C0FE4E9007D3B6B /* Resources */ = {
			isa = PBXResourcesBuildPhase;
			buildActionMask = 2147483647;
			files = (
				C46197402C0FE4EB007D3B6B /* Assets.xcassets in Resources */,
				C461975D2C101311007D3B6B /* .gitignore in Resources */,
				C46197432C0FE4EB007D3B6B /* Base in Resources */,
			);
			runOnlyForDeploymentPostprocessing = 0;
		};
/* End PBXResourcesBuildPhase section */

/* Begin PBXSourcesBuildPhase section */
		C461972F2C0FE4E9007D3B6B /* Sources */ = {
			isa = PBXSourcesBuildPhase;
			buildActionMask = 2147483647;
			files = (
				C46197D12C17F388007D3B6B /* KakaoBook.swift in Sources */,
				C46197B92C1695B9007D3B6B /* Book.swift in Sources */,
				C4B0B9F92C19487700CC5765 /* Constant.swift in Sources */,
				C46197572C0FFDAE007D3B6B /* MarketViewController.swift in Sources */,
				C4A52B022C291DEE0013BCDF /* NetworkManager.swift in Sources */,
				C461973B2C0FE4E9007D3B6B /* ViewController.swift in Sources */,
				C46197372C0FE4E9007D3B6B /* AppDelegate.swift in Sources */,
				C46197D52C182DC0007D3B6B /* BookCollectionViewController.swift in Sources */,
				C46197CF2C17E635007D3B6B /* BookTableViewCell.swift in Sources */,
				C4B0B9F62C19370000CC5765 /* BlackRadiusTextField.swift in Sources */,
				C46197B72C168B27007D3B6B /* BookViewController.swift in Sources */,
				C46197592C10041F007D3B6B /* MarketTableViewCell.swift in Sources */,
				C47C46B82C32EB6100665A7A /* NasaViewController.swift in Sources */,
				C46197D72C182E82007D3B6B /* BookCollectionViewCell.swift in Sources */,
				C461975F2C10143B007D3B6B /* APIKey.swift in Sources */,
				C46197392C0FE4E9007D3B6B /* SceneDelegate.swift in Sources */,
				C4B0B9F32C19347500CC5765 /* SignViewController.swift in Sources */,
			);
			runOnlyForDeploymentPostprocessing = 0;
		};
/* End PBXSourcesBuildPhase section */

/* Begin PBXVariantGroup section */
		C46197412C0FE4EB007D3B6B /* LaunchScreen.storyboard */ = {
			isa = PBXVariantGroup;
			children = (
				C46197422C0FE4EB007D3B6B /* Base */,
			);
			name = LaunchScreen.storyboard;
			sourceTree = "<group>";
		};
/* End PBXVariantGroup section */

/* Begin XCBuildConfiguration section */
		C46197452C0FE4EB007D3B6B /* Debug */ = {
			isa = XCBuildConfiguration;
			buildSettings = {
				ALWAYS_SEARCH_USER_PATHS = NO;
				ASSETCATALOG_COMPILER_GENERATE_SWIFT_ASSET_SYMBOL_EXTENSIONS = YES;
				CLANG_ANALYZER_NONNULL = YES;
				CLANG_ANALYZER_NUMBER_OBJECT_CONVERSION = YES_AGGRESSIVE;
				CLANG_CXX_LANGUAGE_STANDARD = "gnu++20";
				CLANG_ENABLE_MODULES = YES;
				CLANG_ENABLE_OBJC_ARC = YES;
				CLANG_ENABLE_OBJC_WEAK = YES;
				CLANG_WARN_BLOCK_CAPTURE_AUTORELEASING = YES;
				CLANG_WARN_BOOL_CONVERSION = YES;
				CLANG_WARN_COMMA = YES;
				CLANG_WARN_CONSTANT_CONVERSION = YES;
				CLANG_WARN_DEPRECATED_OBJC_IMPLEMENTATIONS = YES;
				CLANG_WARN_DIRECT_OBJC_ISA_USAGE = YES_ERROR;
				CLANG_WARN_DOCUMENTATION_COMMENTS = YES;
				CLANG_WARN_EMPTY_BODY = YES;
				CLANG_WARN_ENUM_CONVERSION = YES;
				CLANG_WARN_INFINITE_RECURSION = YES;
				CLANG_WARN_INT_CONVERSION = YES;
				CLANG_WARN_NON_LITERAL_NULL_CONVERSION = YES;
				CLANG_WARN_OBJC_IMPLICIT_RETAIN_SELF = YES;
				CLANG_WARN_OBJC_LITERAL_CONVERSION = YES;
				CLANG_WARN_OBJC_ROOT_CLASS = YES_ERROR;
				CLANG_WARN_QUOTED_INCLUDE_IN_FRAMEWORK_HEADER = YES;
				CLANG_WARN_RANGE_LOOP_ANALYSIS = YES;
				CLANG_WARN_STRICT_PROTOTYPES = YES;
				CLANG_WARN_SUSPICIOUS_MOVE = YES;
				CLANG_WARN_UNGUARDED_AVAILABILITY = YES_AGGRESSIVE;
				CLANG_WARN_UNREACHABLE_CODE = YES;
				CLANG_WARN__DUPLICATE_METHOD_MATCH = YES;
				COPY_PHASE_STRIP = NO;
				DEBUG_INFORMATION_FORMAT = dwarf;
				ENABLE_STRICT_OBJC_MSGSEND = YES;
				ENABLE_TESTABILITY = YES;
				ENABLE_USER_SCRIPT_SANDBOXING = YES;
				GCC_C_LANGUAGE_STANDARD = gnu17;
				GCC_DYNAMIC_NO_PIC = NO;
				GCC_NO_COMMON_BLOCKS = YES;
				GCC_OPTIMIZATION_LEVEL = 0;
				GCC_PREPROCESSOR_DEFINITIONS = (
					"DEBUG=1",
					"$(inherited)",
				);
				GCC_WARN_64_TO_32_BIT_CONVERSION = YES;
				GCC_WARN_ABOUT_RETURN_TYPE = YES_ERROR;
				GCC_WARN_UNDECLARED_SELECTOR = YES;
				GCC_WARN_UNINITIALIZED_AUTOS = YES_AGGRESSIVE;
				GCC_WARN_UNUSED_FUNCTION = YES;
				GCC_WARN_UNUSED_VARIABLE = YES;
				IPHONEOS_DEPLOYMENT_TARGET = 17.5;
				LOCALIZATION_PREFERS_STRING_CATALOGS = YES;
				MTL_ENABLE_DEBUG_INFO = INCLUDE_SOURCE;
				MTL_FAST_MATH = YES;
				ONLY_ACTIVE_ARCH = YES;
				SDKROOT = iphoneos;
				SWIFT_ACTIVE_COMPILATION_CONDITIONS = "DEBUG $(inherited)";
				SWIFT_OPTIMIZATION_LEVEL = "-Onone";
			};
			name = Debug;
		};
		C46197462C0FE4EB007D3B6B /* Release */ = {
			isa = XCBuildConfiguration;
			buildSettings = {
				ALWAYS_SEARCH_USER_PATHS = NO;
				ASSETCATALOG_COMPILER_GENERATE_SWIFT_ASSET_SYMBOL_EXTENSIONS = YES;
				CLANG_ANALYZER_NONNULL = YES;
				CLANG_ANALYZER_NUMBER_OBJECT_CONVERSION = YES_AGGRESSIVE;
				CLANG_CXX_LANGUAGE_STANDARD = "gnu++20";
				CLANG_ENABLE_MODULES = YES;
				CLANG_ENABLE_OBJC_ARC = YES;
				CLANG_ENABLE_OBJC_WEAK = YES;
				CLANG_WARN_BLOCK_CAPTURE_AUTORELEASING = YES;
				CLANG_WARN_BOOL_CONVERSION = YES;
				CLANG_WARN_COMMA = YES;
				CLANG_WARN_CONSTANT_CONVERSION = YES;
				CLANG_WARN_DEPRECATED_OBJC_IMPLEMENTATIONS = YES;
				CLANG_WARN_DIRECT_OBJC_ISA_USAGE = YES_ERROR;
				CLANG_WARN_DOCUMENTATION_COMMENTS = YES;
				CLANG_WARN_EMPTY_BODY = YES;
				CLANG_WARN_ENUM_CONVERSION = YES;
				CLANG_WARN_INFINITE_RECURSION = YES;
				CLANG_WARN_INT_CONVERSION = YES;
				CLANG_WARN_NON_LITERAL_NULL_CONVERSION = YES;
				CLANG_WARN_OBJC_IMPLICIT_RETAIN_SELF = YES;
				CLANG_WARN_OBJC_LITERAL_CONVERSION = YES;
				CLANG_WARN_OBJC_ROOT_CLASS = YES_ERROR;
				CLANG_WARN_QUOTED_INCLUDE_IN_FRAMEWORK_HEADER = YES;
				CLANG_WARN_RANGE_LOOP_ANALYSIS = YES;
				CLANG_WARN_STRICT_PROTOTYPES = YES;
				CLANG_WARN_SUSPICIOUS_MOVE = YES;
				CLANG_WARN_UNGUARDED_AVAILABILITY = YES_AGGRESSIVE;
				CLANG_WARN_UNREACHABLE_CODE = YES;
				CLANG_WARN__DUPLICATE_METHOD_MATCH = YES;
				COPY_PHASE_STRIP = NO;
				DEBUG_INFORMATION_FORMAT = "dwarf-with-dsym";
				ENABLE_NS_ASSERTIONS = NO;
				ENABLE_STRICT_OBJC_MSGSEND = YES;
				ENABLE_USER_SCRIPT_SANDBOXING = YES;
				GCC_C_LANGUAGE_STANDARD = gnu17;
				GCC_NO_COMMON_BLOCKS = YES;
				GCC_WARN_64_TO_32_BIT_CONVERSION = YES;
				GCC_WARN_ABOUT_RETURN_TYPE = YES_ERROR;
				GCC_WARN_UNDECLARED_SELECTOR = YES;
				GCC_WARN_UNINITIALIZED_AUTOS = YES_AGGRESSIVE;
				GCC_WARN_UNUSED_FUNCTION = YES;
				GCC_WARN_UNUSED_VARIABLE = YES;
				IPHONEOS_DEPLOYMENT_TARGET = 17.5;
				LOCALIZATION_PREFERS_STRING_CATALOGS = YES;
				MTL_ENABLE_DEBUG_INFO = NO;
				MTL_FAST_MATH = YES;
				SDKROOT = iphoneos;
				SWIFT_COMPILATION_MODE = wholemodule;
				VALIDATE_PRODUCT = YES;
			};
			name = Release;
		};
		C46197482C0FE4EB007D3B6B /* Debug */ = {
			isa = XCBuildConfiguration;
			buildSettings = {
				ASSETCATALOG_COMPILER_APPICON_NAME = AppIcon;
				ASSETCATALOG_COMPILER_GLOBAL_ACCENT_COLOR_NAME = AccentColor;
				CODE_SIGN_STYLE = Automatic;
				CURRENT_PROJECT_VERSION = 1;
				DEVELOPMENT_TEAM = 95Z2W8U6PK;
				GENERATE_INFOPLIST_FILE = YES;
				INFOPLIST_FILE = "network-upgrade/Info.plist";
				INFOPLIST_KEY_UIApplicationSupportsIndirectInputEvents = YES;
				INFOPLIST_KEY_UILaunchStoryboardName = LaunchScreen;
				INFOPLIST_KEY_UISupportedInterfaceOrientations = UIInterfaceOrientationPortrait;
				INFOPLIST_KEY_UISupportedInterfaceOrientations_iPad = "UIInterfaceOrientationLandscapeLeft UIInterfaceOrientationLandscapeRight UIInterfaceOrientationPortrait UIInterfaceOrientationPortraitUpsideDown";
				IPHONEOS_DEPLOYMENT_TARGET = 16.0;
				LD_RUNPATH_SEARCH_PATHS = (
					"$(inherited)",
					"@executable_path/Frameworks",
				);
				MARKETING_VERSION = 1.0;
				PRODUCT_BUNDLE_IDENTIFIER = "com.junehee.network-upgrade";
				PRODUCT_NAME = "$(TARGET_NAME)";
				SUPPORTED_PLATFORMS = "iphoneos iphonesimulator";
				SUPPORTS_MACCATALYST = NO;
				SUPPORTS_MAC_DESIGNED_FOR_IPHONE_IPAD = NO;
				SUPPORTS_XR_DESIGNED_FOR_IPHONE_IPAD = NO;
				SWIFT_EMIT_LOC_STRINGS = YES;
				SWIFT_VERSION = 5.0;
				TARGETED_DEVICE_FAMILY = 1;
			};
			name = Debug;
		};
		C46197492C0FE4EB007D3B6B /* Release */ = {
			isa = XCBuildConfiguration;
			buildSettings = {
				ASSETCATALOG_COMPILER_APPICON_NAME = AppIcon;
				ASSETCATALOG_COMPILER_GLOBAL_ACCENT_COLOR_NAME = AccentColor;
				CODE_SIGN_STYLE = Automatic;
				CURRENT_PROJECT_VERSION = 1;
				DEVELOPMENT_TEAM = 95Z2W8U6PK;
				GENERATE_INFOPLIST_FILE = YES;
				INFOPLIST_FILE = "network-upgrade/Info.plist";
				INFOPLIST_KEY_UIApplicationSupportsIndirectInputEvents = YES;
				INFOPLIST_KEY_UILaunchStoryboardName = LaunchScreen;
				INFOPLIST_KEY_UISupportedInterfaceOrientations = UIInterfaceOrientationPortrait;
				INFOPLIST_KEY_UISupportedInterfaceOrientations_iPad = "UIInterfaceOrientationLandscapeLeft UIInterfaceOrientationLandscapeRight UIInterfaceOrientationPortrait UIInterfaceOrientationPortraitUpsideDown";
				IPHONEOS_DEPLOYMENT_TARGET = 16.0;
				LD_RUNPATH_SEARCH_PATHS = (
					"$(inherited)",
					"@executable_path/Frameworks",
				);
				MARKETING_VERSION = 1.0;
				PRODUCT_BUNDLE_IDENTIFIER = "com.junehee.network-upgrade";
				PRODUCT_NAME = "$(TARGET_NAME)";
				SUPPORTED_PLATFORMS = "iphoneos iphonesimulator";
				SUPPORTS_MACCATALYST = NO;
				SUPPORTS_MAC_DESIGNED_FOR_IPHONE_IPAD = NO;
				SUPPORTS_XR_DESIGNED_FOR_IPHONE_IPAD = NO;
				SWIFT_EMIT_LOC_STRINGS = YES;
				SWIFT_VERSION = 5.0;
				TARGETED_DEVICE_FAMILY = 1;
			};
			name = Release;
		};
/* End XCBuildConfiguration section */

/* Begin XCConfigurationList section */
		C461972E2C0FE4E9007D3B6B /* Build configuration list for PBXProject "network-upgrade" */ = {
			isa = XCConfigurationList;
			buildConfigurations = (
				C46197452C0FE4EB007D3B6B /* Debug */,
				C46197462C0FE4EB007D3B6B /* Release */,
			);
			defaultConfigurationIsVisible = 0;
			defaultConfigurationName = Release;
		};
		C46197472C0FE4EB007D3B6B /* Build configuration list for PBXNativeTarget "network-upgrade" */ = {
			isa = XCConfigurationList;
			buildConfigurations = (
				C46197482C0FE4EB007D3B6B /* Debug */,
				C46197492C0FE4EB007D3B6B /* Release */,
			);
			defaultConfigurationIsVisible = 0;
			defaultConfigurationName = Release;
		};
/* End XCConfigurationList section */

/* Begin XCRemoteSwiftPackageReference section */
		C461974A2C0FE514007D3B6B /* XCRemoteSwiftPackageReference "SnapKit" */ = {
			isa = XCRemoteSwiftPackageReference;
			repositoryURL = "https://github.com/SnapKit/SnapKit.git";
			requirement = {
				kind = upToNextMajorVersion;
				minimumVersion = 5.7.1;
			};
		};
		C461974D2C0FE525007D3B6B /* XCRemoteSwiftPackageReference "Alamofire" */ = {
			isa = XCRemoteSwiftPackageReference;
			repositoryURL = "https://github.com/Alamofire/Alamofire";
			requirement = {
				kind = upToNextMajorVersion;
				minimumVersion = 5.9.1;
			};
		};
		C46197502C0FE533007D3B6B /* XCRemoteSwiftPackageReference "Kingfisher" */ = {
			isa = XCRemoteSwiftPackageReference;
			repositoryURL = "https://github.com/onevcat/Kingfisher";
			requirement = {
				kind = upToNextMajorVersion;
				minimumVersion = 7.11.0;
			};
		};
		C46197532C0FE54D007D3B6B /* XCRemoteSwiftPackageReference "Toast-Swift" */ = {
			isa = XCRemoteSwiftPackageReference;
			repositoryURL = "https://github.com/scalessec/Toast-Swift.git";
			requirement = {
				kind = upToNextMajorVersion;
				minimumVersion = 5.1.1;
			};
		};
/* End XCRemoteSwiftPackageReference section */

/* Begin XCSwiftPackageProductDependency section */
		C461974B2C0FE514007D3B6B /* SnapKit */ = {
			isa = XCSwiftPackageProductDependency;
			package = C461974A2C0FE514007D3B6B /* XCRemoteSwiftPackageReference "SnapKit" */;
			productName = SnapKit;
		};
		C461974E2C0FE525007D3B6B /* Alamofire */ = {
			isa = XCSwiftPackageProductDependency;
			package = C461974D2C0FE525007D3B6B /* XCRemoteSwiftPackageReference "Alamofire" */;
			productName = Alamofire;
		};
		C46197512C0FE533007D3B6B /* Kingfisher */ = {
			isa = XCSwiftPackageProductDependency;
			package = C46197502C0FE533007D3B6B /* XCRemoteSwiftPackageReference "Kingfisher" */;
			productName = Kingfisher;
		};
		C46197542C0FE54D007D3B6B /* Toast */ = {
			isa = XCSwiftPackageProductDependency;
			package = C46197532C0FE54D007D3B6B /* XCRemoteSwiftPackageReference "Toast-Swift" */;
			productName = Toast;
		};
/* End XCSwiftPackageProductDependency section */
	};
	rootObject = C461972B2C0FE4E9007D3B6B /* Project object */;
}
